
Microsoft Visual Studio Solution File, Format Version 12.00
# Visual Studio Version 17
VisualStudioVersion = 17.4.33110.190
MinimumVisualStudioVersion = 10.0.40219.1
Project("{FAE04EC0-301F-11D3-BF4B-00C04F79EFBC}") = "MessengerApp", "MessengerApp\MessengerApp.csproj", "{C9E5621F-D28C-4E17-874C-7AB6701513DD}"
EndProject
Global
	GlobalSection(SolutionConfigurationPlatforms) = preSolution
		Debug|Any CPU = Debug|Any CPU
		Release|Any CPU = Release|Any CPU
	EndGlobalSection
	GlobalSection(ProjectConfigurationPlatforms) = postSolution
		{C9E5621F-D28C-4E17-874C-7AB6701513DD}.Debug|Any CPU.ActiveCfg = Debug|Any CPU
		{C9E5621F-D28C-4E17-874C-7AB6701513DD}.Debug|Any CPU.Build.0 = Debug|Any CPU
		{C9E5621F-D28C-4E17-874C-7AB6701513DD}.Release|Any CPU.ActiveCfg = Release|Any CPU
		{C9E5621F-D28C-4E17-874C-7AB6701513DD}.Release|Any CPU.Build.0 = Release|Any CPU
	EndGlobalSection
	GlobalSection(SolutionProperties) = preSolution
		HideSolutionNode = FALSE
	EndGlobalSection
	GlobalSection(ExtensibilityGlobals) = postSolution
		SolutionGuid = {FE9DB1A5-A8CF-418C-9F97-37AE81FC7945}
	EndGlobalSection
EndGlobal
